
Microsoft Visual Studio Solution File, Format Version 12.00
# Visual Studio Version 17
VisualStudioVersion = 17.0.31903.59
MinimumVisualStudioVersion = 10.0.40219.1
Project("{2150E333-8FDC-42A3-9474-1A3956D46DE8}") = "tools", "tools", "{07C2787E-EAC7-C090-1BA3-A61EC2A24D84}"
EndProject
Project("{FAE04EC0-301F-11D3-BF4B-00C04F79EFBC}") = "Cairn.Rfa.SampleGen", "tools\Cairn.Rfa.SampleGen\Cairn.Rfa.SampleGen.csproj", "{B52E0CA0-4173-49D5-B796-77FDBC9D4B89}"
EndProject
Project("{2150E333-8FDC-42A3-9474-1A3956D46DE8}") = "src", "src", "{827E0CD3-B72D-47B6-A68D-7590B98EB39B}"
EndProject
Project("{FAE04EC0-301F-11D3-BF4B-00C04F79EFBC}") = "Cairn.Formats", "src\Cairn.Formats\Cairn.Formats.csproj", "{19796323-87EC-4B2F-99BF-6C4190F016FF}"
EndProject
Project("{FAE04EC0-301F-11D3-BF4B-00C04F79EFBC}") = "Cairn.Workspace", "src\Cairn.Workspace\Cairn.Workspace.csproj", "{012FEC97-042A-4CD6-A20A-C4FAFC19CEB8}"
EndProject
Project("{FAE04EC0-301F-11D3-BF4B-00C04F79EFBC}") = "Cairn.Assets", "src\Cairn.Assets\Cairn.Assets.csproj", "{D32ED6EE-CEEC-4D00-BB8E-CEF761B096C0}"
EndProject
Project("{2150E333-8FDC-42A3-9474-1A3956D46DE8}") = "modules", "modules", "{CA253913-39DE-BFD0-C9A3-4B7EC6FBDF17}"
EndProject
Project("{FAE04EC0-301F-11D3-BF4B-00C04F79EFBC}") = "Cairn.Rfa.Core", "modules\Rfa\Cairn.Rfa.Core\Cairn.Rfa.Core.csproj", "{4002F6AF-026A-4927-A0F1-36A25B3345DE}"
EndProject
Project("{FAE04EC0-301F-11D3-BF4B-00C04F79EFBC}") = "Cairn.Rfa.Tests", "modules\Rfa\Cairn.Rfa.Tests\Cairn.Rfa.Tests.csproj", "{A1CDEE3A-F900-41AD-8B0C-42DBAE41549B}"
EndProject
Project("{FAE04EC0-301F-11D3-BF4B-00C04F79EFBC}") = "Cairn.Ui", "src\Cairn.Ui\Cairn.Ui.csproj", "{0A9DE04C-2239-4D93-A8B4-C58930B4B860}"
EndProject
Project("{FAE04EC0-301F-11D3-BF4B-00C04F79EFBC}") = "Cairn.Vfx.Core", "modules\Vfx\Cairn.Vfx.Core\Cairn.Vfx.Core.csproj", "{124B4C48-2160-4923-AF65-FF4D2B81BFF7}"
EndProject
Project("{FAE04EC0-301F-11D3-BF4B-00C04F79EFBC}") = "Cairn.Vfx.Tests", "modules\Vfx\Cairn.Vfx.Tests\Cairn.Vfx.Tests.csproj", "{61687437-F7E4-4F3F-956B-36B799EA2DD7}"
EndProject
Project("{FAE04EC0-301F-11D3-BF4B-00C04F79EFBC}") = "Cairn.Viewport", "src\Cairn.Viewport\Cairn.Viewport.csproj", "{37A37FB8-B0E5-405B-A023-63ED72673160}"
EndProject
Project("{FAE04EC0-301F-11D3-BF4B-00C04F79EFBC}") = "Cairn.Atx.Core", "modules\Atx\Cairn.Atx.Core\Cairn.Atx.Core.csproj", "{CE125D70-FF7A-47FB-9DD7-E5B1E3252010}"
EndProject
Project("{FAE04EC0-301F-11D3-BF4B-00C04F79EFBC}") = "Cairn.Atx.Tests", "modules\Atx\Cairn.Atx.Tests\Cairn.Atx.Tests.csproj", "{FF39FCDC-4EF3-4A9B-BDA9-10DAD8566255}"
EndProject
Project("{FAE04EC0-301F-11D3-BF4B-00C04F79EFBC}") = "Cairn.Atx.Fuzz", "modules\Atx\Cairn.Atx.Fuzz\Cairn.Atx.Fuzz.csproj", "{32C62D52-C008-434E-BFB9-89CF44FFAB29}"
EndProject
Project("{FAE04EC0-301F-11D3-BF4B-00C04F79EFBC}") = "Cairn.Atx.SampleGen", "tools\Cairn.Atx.SampleGen\Cairn.Atx.SampleGen.csproj", "{DC0128B5-E60F-435A-A1D3-3E229DE6E720}"
EndProject
Project("{FAE04EC0-301F-11D3-BF4B-00C04F79EFBC}") = "Cairn.Shell", "src\Cairn.Shell\Cairn.Shell.csproj", "{91E885CF-2539-4897-BA94-450920827FD9}"
EndProject
Project("{FAE04EC0-301F-11D3-BF4B-00C04F79EFBC}") = "Cairn.Rfa.Ui", "modules\Rfa\Cairn.Rfa.Ui\Cairn.Rfa.Ui.csproj", "{3D4198C5-8143-464E-912E-71C7E8113330}"
EndProject
Project("{FAE04EC0-301F-11D3-BF4B-00C04F79EFBC}") = "Cairn.Atx.Ui", "modules\Atx\Cairn.Atx.Ui\Cairn.Atx.Ui.csproj", "{8D0D7FE7-5BC1-4A0D-9238-6B164A1A16AB}"
EndProject
Project("{FAE04EC0-301F-11D3-BF4B-00C04F79EFBC}") = "Cairn.Vfx.Ui", "modules\Vfx\Cairn.Vfx.Ui\Cairn.Vfx.Ui.csproj", "{DBF17A80-E2CD-44F2-9BBD-9C554907F49A}"
EndProject
Project("{FAE04EC0-301F-11D3-BF4B-00C04F79EFBC}") = "Cairn.IconGen", "tools\Cairn.IconGen\Cairn.IconGen.csproj", "{E9A9A4C7-11FC-45CA-B349-21658A0FC204}"
EndProject
Project("{FAE04EC0-301F-11D3-BF4B-00C04F79EFBC}") = "Cairn.Vfx.SampleGen", "tools\Cairn.Vfx.SampleGen\Cairn.Vfx.SampleGen.csproj", "{E654381B-34D5-49B8-989B-4EA13470E261}"
EndProject
Project("{FAE04EC0-301F-11D3-BF4B-00C04F79EFBC}") = "Cairn.Vpp.Core", "modules\Vpp\Cairn.Vpp.Core\Cairn.Vpp.Core.csproj", "{7A3C1E52-5B0D-4F6A-9E21-3C8D4B6F1A01}"
EndProject
Project("{FAE04EC0-301F-11D3-BF4B-00C04F79EFBC}") = "Cairn.Vpp.Tests", "modules\Vpp\Cairn.Vpp.Tests\Cairn.Vpp.Tests.csproj", "{7A3C1E52-5B0D-4F6A-9E21-3C8D4B6F1A02}"
EndProject
Project("{FAE04EC0-301F-11D3-BF4B-00C04F79EFBC}") = "Cairn.Vpp.Ui", "modules\Vpp\Cairn.Vpp.Ui\Cairn.Vpp.Ui.csproj", "{7A3C1E52-5B0D-4F6A-9E21-3C8D4B6F1A03}"
EndProject
Project("{FAE04EC0-301F-11D3-BF4B-00C04F79EFBC}") = "Cairn.Tbl.Core", "modules\Tbl\Cairn.Tbl.Core\Cairn.Tbl.Core.csproj", "{5B1D7E40-2C6A-4E8F-A1B3-7D9E0F2C3B01}"
EndProject
Project("{FAE04EC0-301F-11D3-BF4B-00C04F79EFBC}") = "Cairn.Tbl.Tests", "modules\Tbl\Cairn.Tbl.Tests\Cairn.Tbl.Tests.csproj", "{5B1D7E40-2C6A-4E8F-A1B3-7D9E0F2C3B02}"
EndProject
Project("{FAE04EC0-301F-11D3-BF4B-00C04F79EFBC}") = "Cairn.Tbl.Ui", "modules\Tbl\Cairn.Tbl.Ui\Cairn.Tbl.Ui.csproj", "{5B1D7E40-2C6A-4E8F-A1B3-7D9E0F2C3B03}"
EndProject
Project("{FAE04EC0-301F-11D3-BF4B-00C04F79EFBC}") = "Cairn.Previews", "src\Cairn.Previews\Cairn.Previews.csproj", "{EA48E724-B36A-46A3-AF4D-FBEDD679BC6E}"
EndProject
Project("{2150E333-8FDC-42A3-9474-1A3956D46DE8}") = "Vf", "Vf", "{CDD8191C-76B9-F7EE-772D-DDAAF786CB23}"
EndProject
Project("{FAE04EC0-301F-11D3-BF4B-00C04F79EFBC}") = "Cairn.Vf.Core", "modules\Vf\Cairn.Vf.Core\Cairn.Vf.Core.csproj", "{37104D76-220D-4859-883F-97B40094B7AC}"
EndProject
Project("{FAE04EC0-301F-11D3-BF4B-00C04F79EFBC}") = "Cairn.Vf.Ui", "modules\Vf\Cairn.Vf.Ui\Cairn.Vf.Ui.csproj", "{F97542B0-5BE7-4FCD-A5F5-F6370961BEB2}"
EndProject
Project("{FAE04EC0-301F-11D3-BF4B-00C04F79EFBC}") = "Cairn.Vf.Tests", "modules\Vf\Cairn.Vf.Tests\Cairn.Vf.Tests.csproj", "{9ACF3353-6220-4F18-B22B-2827A6704CC9}"
EndProject
Project("{2150E333-8FDC-42A3-9474-1A3956D46DE8}") = "Vbm", "Vbm", "{2D6C5FF3-B9B7-F767-7D11-CC9FE7067B60}"
EndProject
Project("{FAE04EC0-301F-11D3-BF4B-00C04F79EFBC}") = "Cairn.Vbm.Core", "modules\Vbm\Cairn.Vbm.Core\Cairn.Vbm.Core.csproj", "{4E59F06A-10EF-494B-8399-41DB0A9132C6}"
EndProject
Project("{FAE04EC0-301F-11D3-BF4B-00C04F79EFBC}") = "Cairn.Vbm.Ui", "modules\Vbm\Cairn.Vbm.Ui\Cairn.Vbm.Ui.csproj", "{738BFD6A-5E28-4825-8631-41D1E087D020}"
EndProject
Project("{FAE04EC0-301F-11D3-BF4B-00C04F79EFBC}") = "Cairn.Vbm.Tests", "modules\Vbm\Cairn.Vbm.Tests\Cairn.Vbm.Tests.csproj", "{E9D6C5CC-D37D-49FA-9B39-B4C4B45F92F9}"
EndProject
Project("{2150E333-8FDC-42A3-9474-1A3956D46DE8}") = "Snd", "Snd", "{28930C5B-B22B-62A3-F59F-8383DB4EC774}"
EndProject
Project("{FAE04EC0-301F-11D3-BF4B-00C04F79EFBC}") = "Cairn.Snd.Core", "modules\Snd\Cairn.Snd.Core\Cairn.Snd.Core.csproj", "{9551A8F1-30A1-4E5D-B3F9-ABE17211416E}"
EndProject
Project("{FAE04EC0-301F-11D3-BF4B-00C04F79EFBC}") = "Cairn.Snd.Ui", "modules\Snd\Cairn.Snd.Ui\Cairn.Snd.Ui.csproj", "{6D755C3B-7576-4E2C-8556-CAB5B9E4132C}"
EndProject
Project("{FAE04EC0-301F-11D3-BF4B-00C04F79EFBC}") = "Cairn.Snd.Tests", "modules\Snd\Cairn.Snd.Tests\Cairn.Snd.Tests.csproj", "{79C2E994-6A4F-4568-B388-2B5A81A9AA02}"
EndProject
Global
	GlobalSection(SolutionConfigurationPlatforms) = preSolution
		Debug|Any CPU = Debug|Any CPU
		Debug|x64 = Debug|x64
		Debug|x86 = Debug|x86
		Release|Any CPU = Release|Any CPU
		Release|x64 = Release|x64
		Release|x86 = Release|x86
	EndGlobalSection
	GlobalSection(ProjectConfigurationPlatforms) = postSolution
		{B52E0CA0-4173-49D5-B796-77FDBC9D4B89}.Debug|Any CPU.ActiveCfg = Debug|x64
		{B52E0CA0-4173-49D5-B796-77FDBC9D4B89}.Debug|Any CPU.Build.0 = Debug|x64
		{B52E0CA0-4173-49D5-B796-77FDBC9D4B89}.Debug|x64.ActiveCfg = Debug|x64
		{B52E0CA0-4173-49D5-B796-77FDBC9D4B89}.Debug|x64.Build.0 = Debug|x64
		{B52E0CA0-4173-49D5-B796-77FDBC9D4B89}.Debug|x86.ActiveCfg = Debug|x64
		{B52E0CA0-4173-49D5-B796-77FDBC9D4B89}.Debug|x86.Build.0 = Debug|x64
		{B52E0CA0-4173-49D5-B796-77FDBC9D4B89}.Release|Any CPU.ActiveCfg = Release|x64
		{B52E0CA0-4173-49D5-B796-77FDBC9D4B89}.Release|Any CPU.Build.0 = Release|x64
		{B52E0CA0-4173-49D5-B796-77FDBC9D4B89}.Release|x64.ActiveCfg = Release|x64
		{B52E0CA0-4173-49D5-B796-77FDBC9D4B89}.Release|x64.Build.0 = Release|x64
		{B52E0CA0-4173-49D5-B796-77FDBC9D4B89}.Release|x86.ActiveCfg = Release|x64
		{B52E0CA0-4173-49D5-B796-77FDBC9D4B89}.Release|x86.Build.0 = Release|x64
		{19796323-87EC-4B2F-99BF-6C4190F016FF}.Debug|Any CPU.ActiveCfg = Debug|x64
		{19796323-87EC-4B2F-99BF-6C4190F016FF}.Debug|Any CPU.Build.0 = Debug|x64
		{19796323-87EC-4B2F-99BF-6C4190F016FF}.Debug|x64.ActiveCfg = Debug|x64
		{19796323-87EC-4B2F-99BF-6C4190F016FF}.Debug|x64.Build.0 = Debug|x64
		{19796323-87EC-4B2F-99BF-6C4190F016FF}.Debug|x86.ActiveCfg = Debug|x64
		{19796323-87EC-4B2F-99BF-6C4190F016FF}.Debug|x86.Build.0 = Debug|x64
		{19796323-87EC-4B2F-99BF-6C4190F016FF}.Release|Any CPU.ActiveCfg = Release|x64
		{19796323-87EC-4B2F-99BF-6C4190F016FF}.Release|Any CPU.Build.0 = Release|x64
		{19796323-87EC-4B2F-99BF-6C4190F016FF}.Release|x64.ActiveCfg = Release|x64
		{19796323-87EC-4B2F-99BF-6C4190F016FF}.Release|x64.Build.0 = Release|x64
		{19796323-87EC-4B2F-99BF-6C4190F016FF}.Release|x86.ActiveCfg = Release|x64
		{19796323-87EC-4B2F-99BF-6C4190F016FF}.Release|x86.Build.0 = Release|x64
		{012FEC97-042A-4CD6-A20A-C4FAFC19CEB8}.Debug|Any CPU.ActiveCfg = Debug|x64
		{012FEC97-042A-4CD6-A20A-C4FAFC19CEB8}.Debug|Any CPU.Build.0 = Debug|x64
		{012FEC97-042A-4CD6-A20A-C4FAFC19CEB8}.Debug|x64.ActiveCfg = Debug|x64
		{012FEC97-042A-4CD6-A20A-C4FAFC19CEB8}.Debug|x64.Build.0 = Debug|x64
		{012FEC97-042A-4CD6-A20A-C4FAFC19CEB8}.Debug|x86.ActiveCfg = Debug|x64
		{012FEC97-042A-4CD6-A20A-C4FAFC19CEB8}.Debug|x86.Build.0 = Debug|x64
		{012FEC97-042A-4CD6-A20A-C4FAFC19CEB8}.Release|Any CPU.ActiveCfg = Release|x64
		{012FEC97-042A-4CD6-A20A-C4FAFC19CEB8}.Release|Any CPU.Build.0 = Release|x64
		{012FEC97-042A-4CD6-A20A-C4FAFC19CEB8}.Release|x64.ActiveCfg = Release|x64
		{012FEC97-042A-4CD6-A20A-C4FAFC19CEB8}.Release|x64.Build.0 = Release|x64
		{012FEC97-042A-4CD6-A20A-C4FAFC19CEB8}.Release|x86.ActiveCfg = Release|x64
		{012FEC97-042A-4CD6-A20A-C4FAFC19CEB8}.Release|x86.Build.0 = Release|x64
		{D32ED6EE-CEEC-4D00-BB8E-CEF761B096C0}.Debug|Any CPU.ActiveCfg = Debug|x64
		{D32ED6EE-CEEC-4D00-BB8E-CEF761B096C0}.Debug|Any CPU.Build.0 = Debug|x64
		{D32ED6EE-CEEC-4D00-BB8E-CEF761B096C0}.Debug|x64.ActiveCfg = Debug|x64
		{D32ED6EE-CEEC-4D00-BB8E-CEF761B096C0}.Debug|x64.Build.0 = Debug|x64
		{D32ED6EE-CEEC-4D00-BB8E-CEF761B096C0}.Debug|x86.ActiveCfg = Debug|x64
		{D32ED6EE-CEEC-4D00-BB8E-CEF761B096C0}.Debug|x86.Build.0 = Debug|x64
		{D32ED6EE-CEEC-4D00-BB8E-CEF761B096C0}.Release|Any CPU.ActiveCfg = Release|x64
		{D32ED6EE-CEEC-4D00-BB8E-CEF761B096C0}.Release|Any CPU.Build.0 = Release|x64
		{D32ED6EE-CEEC-4D00-BB8E-CEF761B096C0}.Release|x64.ActiveCfg = Release|x64
		{D32ED6EE-CEEC-4D00-BB8E-CEF761B096C0}.Release|x64.Build.0 = Release|x64
		{D32ED6EE-CEEC-4D00-BB8E-CEF761B096C0}.Release|x86.ActiveCfg = Release|x64
		{D32ED6EE-CEEC-4D00-BB8E-CEF761B096C0}.Release|x86.Build.0 = Release|x64
		{4002F6AF-026A-4927-A0F1-36A25B3345DE}.Debug|Any CPU.ActiveCfg = Debug|x64
		{4002F6AF-026A-4927-A0F1-36A25B3345DE}.Debug|Any CPU.Build.0 = Debug|x64
		{4002F6AF-026A-4927-A0F1-36A25B3345DE}.Debug|x64.ActiveCfg = Debug|x64
		{4002F6AF-026A-4927-A0F1-36A25B3345DE}.Debug|x64.Build.0 = Debug|x64
		{4002F6AF-026A-4927-A0F1-36A25B3345DE}.Debug|x86.ActiveCfg = Debug|x64
		{4002F6AF-026A-4927-A0F1-36A25B3345DE}.Debug|x86.Build.0 = Debug|x64
		{4002F6AF-026A-4927-A0F1-36A25B3345DE}.Release|Any CPU.ActiveCfg = Release|x64
		{4002F6AF-026A-4927-A0F1-36A25B3345DE}.Release|Any CPU.Build.0 = Release|x64
		{4002F6AF-026A-4927-A0F1-36A25B3345DE}.Release|x64.ActiveCfg = Release|x64
		{4002F6AF-026A-4927-A0F1-36A25B3345DE}.Release|x64.Build.0 = Release|x64
		{4002F6AF-026A-4927-A0F1-36A25B3345DE}.Release|x86.ActiveCfg = Release|x64
		{4002F6AF-026A-4927-A0F1-36A25B3345DE}.Release|x86.Build.0 = Release|x64
		{A1CDEE3A-F900-41AD-8B0C-42DBAE41549B}.Debug|Any CPU.ActiveCfg = Debug|x64
		{A1CDEE3A-F900-41AD-8B0C-42DBAE41549B}.Debug|Any CPU.Build.0 = Debug|x64
		{A1CDEE3A-F900-41AD-8B0C-42DBAE41549B}.Debug|x64.ActiveCfg = Debug|x64
		{A1CDEE3A-F900-41AD-8B0C-42DBAE41549B}.Debug|x64.Build.0 = Debug|x64
		{A1CDEE3A-F900-41AD-8B0C-42DBAE41549B}.Debug|x86.ActiveCfg = Debug|x64
		{A1CDEE3A-F900-41AD-8B0C-42DBAE41549B}.Debug|x86.Build.0 = Debug|x64
		{A1CDEE3A-F900-41AD-8B0C-42DBAE41549B}.Release|Any CPU.ActiveCfg = Release|x64
		{A1CDEE3A-F900-41AD-8B0C-42DBAE41549B}.Release|Any CPU.Build.0 = Release|x64
		{A1CDEE3A-F900-41AD-8B0C-42DBAE41549B}.Release|x64.ActiveCfg = Release|x64
		{A1CDEE3A-F900-41AD-8B0C-42DBAE41549B}.Release|x64.Build.0 = Release|x64
		{A1CDEE3A-F900-41AD-8B0C-42DBAE41549B}.Release|x86.ActiveCfg = Release|x64
		{A1CDEE3A-F900-41AD-8B0C-42DBAE41549B}.Release|x86.Build.0 = Release|x64
		{0A9DE04C-2239-4D93-A8B4-C58930B4B860}.Debug|Any CPU.ActiveCfg = Debug|x64
		{0A9DE04C-2239-4D93-A8B4-C58930B4B860}.Debug|Any CPU.Build.0 = Debug|x64
		{0A9DE04C-2239-4D93-A8B4-C58930B4B860}.Debug|x64.ActiveCfg = Debug|x64
		{0A9DE04C-2239-4D93-A8B4-C58930B4B860}.Debug|x64.Build.0 = Debug|x64
		{0A9DE04C-2239-4D93-A8B4-C58930B4B860}.Debug|x86.ActiveCfg = Debug|x64
		{0A9DE04C-2239-4D93-A8B4-C58930B4B860}.Debug|x86.Build.0 = Debug|x64
		{0A9DE04C-2239-4D93-A8B4-C58930B4B860}.Release|Any CPU.ActiveCfg = Release|x64
		{0A9DE04C-2239-4D93-A8B4-C58930B4B860}.Release|Any CPU.Build.0 = Release|x64
		{0A9DE04C-2239-4D93-A8B4-C58930B4B860}.Release|x64.ActiveCfg = Release|x64
		{0A9DE04C-2239-4D93-A8B4-C58930B4B860}.Release|x64.Build.0 = Release|x64
		{0A9DE04C-2239-4D93-A8B4-C58930B4B860}.Release|x86.ActiveCfg = Release|x64
		{0A9DE04C-2239-4D93-A8B4-C58930B4B860}.Release|x86.Build.0 = Release|x64
		{124B4C48-2160-4923-AF65-FF4D2B81BFF7}.Debug|Any CPU.ActiveCfg = Debug|x64
		{124B4C48-2160-4923-AF65-FF4D2B81BFF7}.Debug|Any CPU.Build.0 = Debug|x64
		{124B4C48-2160-4923-AF65-FF4D2B81BFF7}.Debug|x64.ActiveCfg = Debug|x64
		{124B4C48-2160-4923-AF65-FF4D2B81BFF7}.Debug|x64.Build.0 = Debug|x64
		{124B4C48-2160-4923-AF65-FF4D2B81BFF7}.Debug|x86.ActiveCfg = Debug|x64
		{124B4C48-2160-4923-AF65-FF4D2B81BFF7}.Debug|x86.Build.0 = Debug|x64
		{124B4C48-2160-4923-AF65-FF4D2B81BFF7}.Release|Any CPU.ActiveCfg = Release|x64
		{124B4C48-2160-4923-AF65-FF4D2B81BFF7}.Release|Any CPU.Build.0 = Release|x64
		{124B4C48-2160-4923-AF65-FF4D2B81BFF7}.Release|x64.ActiveCfg = Release|x64
		{124B4C48-2160-4923-AF65-FF4D2B81BFF7}.Release|x64.Build.0 = Release|x64
		{124B4C48-2160-4923-AF65-FF4D2B81BFF7}.Release|x86.ActiveCfg = Release|x64
		{124B4C48-2160-4923-AF65-FF4D2B81BFF7}.Release|x86.Build.0 = Release|x64
		{61687437-F7E4-4F3F-956B-36B799EA2DD7}.Debug|Any CPU.ActiveCfg = Debug|x64
		{61687437-F7E4-4F3F-956B-36B799EA2DD7}.Debug|Any CPU.Build.0 = Debug|x64
		{61687437-F7E4-4F3F-956B-36B799EA2DD7}.Debug|x64.ActiveCfg = Debug|x64
		{61687437-F7E4-4F3F-956B-36B799EA2DD7}.Debug|x64.Build.0 = Debug|x64
		{61687437-F7E4-4F3F-956B-36B799EA2DD7}.Debug|x86.ActiveCfg = Debug|x64
		{61687437-F7E4-4F3F-956B-36B799EA2DD7}.Debug|x86.Build.0 = Debug|x64
		{61687437-F7E4-4F3F-956B-36B799EA2DD7}.Release|Any CPU.ActiveCfg = Release|x64
		{61687437-F7E4-4F3F-956B-36B799EA2DD7}.Release|Any CPU.Build.0 = Release|x64
		{61687437-F7E4-4F3F-956B-36B799EA2DD7}.Release|x64.ActiveCfg = Release|x64
		{61687437-F7E4-4F3F-956B-36B799EA2DD7}.Release|x64.Build.0 = Release|x64
		{61687437-F7E4-4F3F-956B-36B799EA2DD7}.Release|x86.ActiveCfg = Release|x64
		{61687437-F7E4-4F3F-956B-36B799EA2DD7}.Release|x86.Build.0 = Release|x64
		{37A37FB8-B0E5-405B-A023-63ED72673160}.Debug|Any CPU.ActiveCfg = Debug|x64
		{37A37FB8-B0E5-405B-A023-63ED72673160}.Debug|Any CPU.Build.0 = Debug|x64
		{37A37FB8-B0E5-405B-A023-63ED72673160}.Debug|x64.ActiveCfg = Debug|x64
		{37A37FB8-B0E5-405B-A023-63ED72673160}.Debug|x64.Build.0 = Debug|x64
		{37A37FB8-B0E5-405B-A023-63ED72673160}.Debug|x86.ActiveCfg = Debug|x64
		{37A37FB8-B0E5-405B-A023-63ED72673160}.Debug|x86.Build.0 = Debug|x64
		{37A37FB8-B0E5-405B-A023-63ED72673160}.Release|Any CPU.ActiveCfg = Release|x64
		{37A37FB8-B0E5-405B-A023-63ED72673160}.Release|Any CPU.Build.0 = Release|x64
		{37A37FB8-B0E5-405B-A023-63ED72673160}.Release|x64.ActiveCfg = Release|x64
		{37A37FB8-B0E5-405B-A023-63ED72673160}.Release|x64.Build.0 = Release|x64
		{37A37FB8-B0E5-405B-A023-63ED72673160}.Release|x86.ActiveCfg = Release|x64
		{37A37FB8-B0E5-405B-A023-63ED72673160}.Release|x86.Build.0 = Release|x64
		{CE125D70-FF7A-47FB-9DD7-E5B1E3252010}.Debug|Any CPU.ActiveCfg = Debug|x64
		{CE125D70-FF7A-47FB-9DD7-E5B1E3252010}.Debug|Any CPU.Build.0 = Debug|x64
		{CE125D70-FF7A-47FB-9DD7-E5B1E3252010}.Debug|x64.ActiveCfg = Debug|x64
		{CE125D70-FF7A-47FB-9DD7-E5B1E3252010}.Debug|x64.Build.0 = Debug|x64
		{CE125D70-FF7A-47FB-9DD7-E5B1E3252010}.Debug|x86.ActiveCfg = Debug|x64
		{CE125D70-FF7A-47FB-9DD7-E5B1E3252010}.Debug|x86.Build.0 = Debug|x64
		{CE125D70-FF7A-47FB-9DD7-E5B1E3252010}.Release|Any CPU.ActiveCfg = Release|x64
		{CE125D70-FF7A-47FB-9DD7-E5B1E3252010}.Release|Any CPU.Build.0 = Release|x64
		{CE125D70-FF7A-47FB-9DD7-E5B1E3252010}.Release|x64.ActiveCfg = Release|x64
		{CE125D70-FF7A-47FB-9DD7-E5B1E3252010}.Release|x64.Build.0 = Release|x64
		{CE125D70-FF7A-47FB-9DD7-E5B1E3252010}.Release|x86.ActiveCfg = Release|x64
		{CE125D70-FF7A-47FB-9DD7-E5B1E3252010}.Release|x86.Build.0 = Release|x64
		{FF39FCDC-4EF3-4A9B-BDA9-10DAD8566255}.Debug|Any CPU.ActiveCfg = Debug|x64
		{FF39FCDC-4EF3-4A9B-BDA9-10DAD8566255}.Debug|Any CPU.Build.0 = Debug|x64
		{FF39FCDC-4EF3-4A9B-BDA9-10DAD8566255}.Debug|x64.ActiveCfg = Debug|x64
		{FF39FCDC-4EF3-4A9B-BDA9-10DAD8566255}.Debug|x64.Build.0 = Debug|x64
		{FF39FCDC-4EF3-4A9B-BDA9-10DAD8566255}.Debug|x86.ActiveCfg = Debug|x64
		{FF39FCDC-4EF3-4A9B-BDA9-10DAD8566255}.Debug|x86.Build.0 = Debug|x64
		{FF39FCDC-4EF3-4A9B-BDA9-10DAD8566255}.Release|Any CPU.ActiveCfg = Release|x64
		{FF39FCDC-4EF3-4A9B-BDA9-10DAD8566255}.Release|Any CPU.Build.0 = Release|x64
		{FF39FCDC-4EF3-4A9B-BDA9-10DAD8566255}.Release|x64.ActiveCfg = Release|x64
		{FF39FCDC-4EF3-4A9B-BDA9-10DAD8566255}.Release|x64.Build.0 = Release|x64
		{FF39FCDC-4EF3-4A9B-BDA9-10DAD8566255}.Release|x86.ActiveCfg = Release|x64
		{FF39FCDC-4EF3-4A9B-BDA9-10DAD8566255}.Release|x86.Build.0 = Release|x64
		{32C62D52-C008-434E-BFB9-89CF44FFAB29}.Debug|Any CPU.ActiveCfg = Debug|x64
		{32C62D52-C008-434E-BFB9-89CF44FFAB29}.Debug|Any CPU.Build.0 = Debug|x64
		{32C62D52-C008-434E-BFB9-89CF44FFAB29}.Debug|x64.ActiveCfg = Debug|x64
		{32C62D52-C008-434E-BFB9-89CF44FFAB29}.Debug|x64.Build.0 = Debug|x64
		{32C62D52-C008-434E-BFB9-89CF44FFAB29}.Debug|x86.ActiveCfg = Debug|x64
		{32C62D52-C008-434E-BFB9-89CF44FFAB29}.Debug|x86.Build.0 = Debug|x64
		{32C62D52-C008-434E-BFB9-89CF44FFAB29}.Release|Any CPU.ActiveCfg = Release|x64
		{32C62D52-C008-434E-BFB9-89CF44FFAB29}.Release|Any CPU.Build.0 = Release|x64
		{32C62D52-C008-434E-BFB9-89CF44FFAB29}.Release|x64.ActiveCfg = Release|x64
		{32C62D52-C008-434E-BFB9-89CF44FFAB29}.Release|x64.Build.0 = Release|x64
		{32C62D52-C008-434E-BFB9-89CF44FFAB29}.Release|x86.ActiveCfg = Release|x64
		{32C62D52-C008-434E-BFB9-89CF44FFAB29}.Release|x86.Build.0 = Release|x64
		{DC0128B5-E60F-435A-A1D3-3E229DE6E720}.Debug|Any CPU.ActiveCfg = Debug|x64
		{DC0128B5-E60F-435A-A1D3-3E229DE6E720}.Debug|Any CPU.Build.0 = Debug|x64
		{DC0128B5-E60F-435A-A1D3-3E229DE6E720}.Debug|x64.ActiveCfg = Debug|x64
		{DC0128B5-E60F-435A-A1D3-3E229DE6E720}.Debug|x64.Build.0 = Debug|x64
		{DC0128B5-E60F-435A-A1D3-3E229DE6E720}.Debug|x86.ActiveCfg = Debug|x64
		{DC0128B5-E60F-435A-A1D3-3E229DE6E720}.Debug|x86.Build.0 = Debug|x64
		{DC0128B5-E60F-435A-A1D3-3E229DE6E720}.Release|Any CPU.ActiveCfg = Release|x64
		{DC0128B5-E60F-435A-A1D3-3E229DE6E720}.Release|Any CPU.Build.0 = Release|x64
		{DC0128B5-E60F-435A-A1D3-3E229DE6E720}.Release|x64.ActiveCfg = Release|x64
		{DC0128B5-E60F-435A-A1D3-3E229DE6E720}.Release|x64.Build.0 = Release|x64
		{DC0128B5-E60F-435A-A1D3-3E229DE6E720}.Release|x86.ActiveCfg = Release|x64
		{DC0128B5-E60F-435A-A1D3-3E229DE6E720}.Release|x86.Build.0 = Release|x64
		{91E885CF-2539-4897-BA94-450920827FD9}.Debug|Any CPU.ActiveCfg = Debug|x64
		{91E885CF-2539-4897-BA94-450920827FD9}.Debug|Any CPU.Build.0 = Debug|x64
		{91E885CF-2539-4897-BA94-450920827FD9}.Debug|x64.ActiveCfg = Debug|x64
		{91E885CF-2539-4897-BA94-450920827FD9}.Debug|x64.Build.0 = Debug|x64
		{91E885CF-2539-4897-BA94-450920827FD9}.Debug|x86.ActiveCfg = Debug|x64
		{91E885CF-2539-4897-BA94-450920827FD9}.Debug|x86.Build.0 = Debug|x64
		{91E885CF-2539-4897-BA94-450920827FD9}.Release|Any CPU.ActiveCfg = Release|x64
		{91E885CF-2539-4897-BA94-450920827FD9}.Release|Any CPU.Build.0 = Release|x64
		{91E885CF-2539-4897-BA94-450920827FD9}.Release|x64.ActiveCfg = Release|x64
		{91E885CF-2539-4897-BA94-450920827FD9}.Release|x64.Build.0 = Release|x64
		{91E885CF-2539-4897-BA94-450920827FD9}.Release|x86.ActiveCfg = Release|x64
		{91E885CF-2539-4897-BA94-450920827FD9}.Release|x86.Build.0 = Release|x64
		{3D4198C5-8143-464E-912E-71C7E8113330}.Debug|Any CPU.ActiveCfg = Debug|x64
		{3D4198C5-8143-464E-912E-71C7E8113330}.Debug|Any CPU.Build.0 = Debug|x64
		{3D4198C5-8143-464E-912E-71C7E8113330}.Debug|x64.ActiveCfg = Debug|x64
		{3D4198C5-8143-464E-912E-71C7E8113330}.Debug|x64.Build.0 = Debug|x64
		{3D4198C5-8143-464E-912E-71C7E8113330}.Debug|x86.ActiveCfg = Debug|x64
		{3D4198C5-8143-464E-912E-71C7E8113330}.Debug|x86.Build.0 = Debug|x64
		{3D4198C5-8143-464E-912E-71C7E8113330}.Release|Any CPU.ActiveCfg = Release|x64
		{3D4198C5-8143-464E-912E-71C7E8113330}.Release|Any CPU.Build.0 = Release|x64
		{3D4198C5-8143-464E-912E-71C7E8113330}.Release|x64.ActiveCfg = Release|x64
		{3D4198C5-8143-464E-912E-71C7E8113330}.Release|x64.Build.0 = Release|x64
		{3D4198C5-8143-464E-912E-71C7E8113330}.Release|x86.ActiveCfg = Release|x64
		{3D4198C5-8143-464E-912E-71C7E8113330}.Release|x86.Build.0 = Release|x64
		{8D0D7FE7-5BC1-4A0D-9238-6B164A1A16AB}.Debug|Any CPU.ActiveCfg = Debug|x64
		{8D0D7FE7-5BC1-4A0D-9238-6B164A1A16AB}.Debug|Any CPU.Build.0 = Debug|x64
		{8D0D7FE7-5BC1-4A0D-9238-6B164A1A16AB}.Debug|x64.ActiveCfg = Debug|x64
		{8D0D7FE7-5BC1-4A0D-9238-6B164A1A16AB}.Debug|x64.Build.0 = Debug|x64
		{8D0D7FE7-5BC1-4A0D-9238-6B164A1A16AB}.Debug|x86.ActiveCfg = Debug|x64
		{8D0D7FE7-5BC1-4A0D-9238-6B164A1A16AB}.Debug|x86.Build.0 = Debug|x64
		{8D0D7FE7-5BC1-4A0D-9238-6B164A1A16AB}.Release|Any CPU.ActiveCfg = Release|x64
		{8D0D7FE7-5BC1-4A0D-9238-6B164A1A16AB}.Release|Any CPU.Build.0 = Release|x64
		{8D0D7FE7-5BC1-4A0D-9238-6B164A1A16AB}.Release|x64.ActiveCfg = Release|x64
		{8D0D7FE7-5BC1-4A0D-9238-6B164A1A16AB}.Release|x64.Build.0 = Release|x64
		{8D0D7FE7-5BC1-4A0D-9238-6B164A1A16AB}.Release|x86.ActiveCfg = Release|x64
		{8D0D7FE7-5BC1-4A0D-9238-6B164A1A16AB}.Release|x86.Build.0 = Release|x64
		{DBF17A80-E2CD-44F2-9BBD-9C554907F49A}.Debug|Any CPU.ActiveCfg = Debug|x64
		{DBF17A80-E2CD-44F2-9BBD-9C554907F49A}.Debug|Any CPU.Build.0 = Debug|x64
		{DBF17A80-E2CD-44F2-9BBD-9C554907F49A}.Debug|x64.ActiveCfg = Debug|x64
		{DBF17A80-E2CD-44F2-9BBD-9C554907F49A}.Debug|x64.Build.0 = Debug|x64
		{DBF17A80-E2CD-44F2-9BBD-9C554907F49A}.Debug|x86.ActiveCfg = Debug|x64
		{DBF17A80-E2CD-44F2-9BBD-9C554907F49A}.Debug|x86.Build.0 = Debug|x64
		{DBF17A80-E2CD-44F2-9BBD-9C554907F49A}.Release|Any CPU.ActiveCfg = Release|x64
		{DBF17A80-E2CD-44F2-9BBD-9C554907F49A}.Release|Any CPU.Build.0 = Release|x64
		{DBF17A80-E2CD-44F2-9BBD-9C554907F49A}.Release|x64.ActiveCfg = Release|x64
		{DBF17A80-E2CD-44F2-9BBD-9C554907F49A}.Release|x64.Build.0 = Release|x64
		{DBF17A80-E2CD-44F2-9BBD-9C554907F49A}.Release|x86.ActiveCfg = Release|x64
		{DBF17A80-E2CD-44F2-9BBD-9C554907F49A}.Release|x86.Build.0 = Release|x64
		{E9A9A4C7-11FC-45CA-B349-21658A0FC204}.Debug|Any CPU.ActiveCfg = Debug|x64
		{E9A9A4C7-11FC-45CA-B349-21658A0FC204}.Debug|Any CPU.Build.0 = Debug|x64
		{E9A9A4C7-11FC-45CA-B349-21658A0FC204}.Debug|x64.ActiveCfg = Debug|x64
		{E9A9A4C7-11FC-45CA-B349-21658A0FC204}.Debug|x64.Build.0 = Debug|x64
		{E9A9A4C7-11FC-45CA-B349-21658A0FC204}.Debug|x86.ActiveCfg = Debug|x64
		{E9A9A4C7-11FC-45CA-B349-21658A0FC204}.Debug|x86.Build.0 = Debug|x64
		{E9A9A4C7-11FC-45CA-B349-21658A0FC204}.Release|Any CPU.ActiveCfg = Release|x64
		{E9A9A4C7-11FC-45CA-B349-21658A0FC204}.Release|Any CPU.Build.0 = Release|x64
		{E9A9A4C7-11FC-45CA-B349-21658A0FC204}.Release|x64.ActiveCfg = Release|x64
		{E9A9A4C7-11FC-45CA-B349-21658A0FC204}.Release|x64.Build.0 = Release|x64
		{E9A9A4C7-11FC-45CA-B349-21658A0FC204}.Release|x86.ActiveCfg = Release|x64
		{E9A9A4C7-11FC-45CA-B349-21658A0FC204}.Release|x86.Build.0 = Release|x64
		{E654381B-34D5-49B8-989B-4EA13470E261}.Debug|Any CPU.ActiveCfg = Debug|x64
		{E654381B-34D5-49B8-989B-4EA13470E261}.Debug|Any CPU.Build.0 = Debug|x64
		{E654381B-34D5-49B8-989B-4EA13470E261}.Debug|x64.ActiveCfg = Debug|x64
		{E654381B-34D5-49B8-989B-4EA13470E261}.Debug|x64.Build.0 = Debug|x64
		{E654381B-34D5-49B8-989B-4EA13470E261}.Debug|x86.ActiveCfg = Debug|x64
		{E654381B-34D5-49B8-989B-4EA13470E261}.Debug|x86.Build.0 = Debug|x64
		{E654381B-34D5-49B8-989B-4EA13470E261}.Release|Any CPU.ActiveCfg = Release|x64
		{E654381B-34D5-49B8-989B-4EA13470E261}.Release|Any CPU.Build.0 = Release|x64
		{E654381B-34D5-49B8-989B-4EA13470E261}.Release|x64.ActiveCfg = Release|x64
		{E654381B-34D5-49B8-989B-4EA13470E261}.Release|x64.Build.0 = Release|x64
		{E654381B-34D5-49B8-989B-4EA13470E261}.Release|x86.ActiveCfg = Release|x64
		{E654381B-34D5-49B8-989B-4EA13470E261}.Release|x86.Build.0 = Release|x64
		{7A3C1E52-5B0D-4F6A-9E21-3C8D4B6F1A01}.Debug|Any CPU.ActiveCfg = Debug|x64
		{7A3C1E52-5B0D-4F6A-9E21-3C8D4B6F1A01}.Debug|Any CPU.Build.0 = Debug|x64
		{7A3C1E52-5B0D-4F6A-9E21-3C8D4B6F1A01}.Debug|x64.ActiveCfg = Debug|x64
		{7A3C1E52-5B0D-4F6A-9E21-3C8D4B6F1A01}.Debug|x64.Build.0 = Debug|x64
		{7A3C1E52-5B0D-4F6A-9E21-3C8D4B6F1A01}.Debug|x86.ActiveCfg = Debug|x64
		{7A3C1E52-5B0D-4F6A-9E21-3C8D4B6F1A01}.Debug|x86.Build.0 = Debug|x64
		{7A3C1E52-5B0D-4F6A-9E21-3C8D4B6F1A01}.Release|Any CPU.ActiveCfg = Release|x64
		{7A3C1E52-5B0D-4F6A-9E21-3C8D4B6F1A01}.Release|Any CPU.Build.0 = Release|x64
		{7A3C1E52-5B0D-4F6A-9E21-3C8D4B6F1A01}.Release|x64.ActiveCfg = Release|x64
		{7A3C1E52-5B0D-4F6A-9E21-3C8D4B6F1A01}.Release|x64.Build.0 = Release|x64
		{7A3C1E52-5B0D-4F6A-9E21-3C8D4B6F1A01}.Release|x86.ActiveCfg = Release|x64
		{7A3C1E52-5B0D-4F6A-9E21-3C8D4B6F1A01}.Release|x86.Build.0 = Release|x64
		{7A3C1E52-5B0D-4F6A-9E21-3C8D4B6F1A02}.Debug|Any CPU.ActiveCfg = Debug|x64
		{7A3C1E52-5B0D-4F6A-9E21-3C8D4B6F1A02}.Debug|Any CPU.Build.0 = Debug|x64
		{7A3C1E52-5B0D-4F6A-9E21-3C8D4B6F1A02}.Debug|x64.ActiveCfg = Debug|x64
		{7A3C1E52-5B0D-4F6A-9E21-3C8D4B6F1A02}.Debug|x64.Build.0 = Debug|x64
		{7A3C1E52-5B0D-4F6A-9E21-3C8D4B6F1A02}.Debug|x86.ActiveCfg = Debug|x64
		{7A3C1E52-5B0D-4F6A-9E21-3C8D4B6F1A02}.Debug|x86.Build.0 = Debug|x64
		{7A3C1E52-5B0D-4F6A-9E21-3C8D4B6F1A02}.Release|Any CPU.ActiveCfg = Release|x64
		{7A3C1E52-5B0D-4F6A-9E21-3C8D4B6F1A02}.Release|Any CPU.Build.0 = Release|x64
		{7A3C1E52-5B0D-4F6A-9E21-3C8D4B6F1A02}.Release|x64.ActiveCfg = Release|x64
		{7A3C1E52-5B0D-4F6A-9E21-3C8D4B6F1A02}.Release|x64.Build.0 = Release|x64
		{7A3C1E52-5B0D-4F6A-9E21-3C8D4B6F1A02}.Release|x86.ActiveCfg = Release|x64
		{7A3C1E52-5B0D-4F6A-9E21-3C8D4B6F1A02}.Release|x86.Build.0 = Release|x64
		{7A3C1E52-5B0D-4F6A-9E21-3C8D4B6F1A03}.Debug|Any CPU.ActiveCfg = Debug|x64
		{7A3C1E52-5B0D-4F6A-9E21-3C8D4B6F1A03}.Debug|Any CPU.Build.0 = Debug|x64
		{7A3C1E52-5B0D-4F6A-9E21-3C8D4B6F1A03}.Debug|x64.ActiveCfg = Debug|x64
		{7A3C1E52-5B0D-4F6A-9E21-3C8D4B6F1A03}.Debug|x64.Build.0 = Debug|x64
		{7A3C1E52-5B0D-4F6A-9E21-3C8D4B6F1A03}.Debug|x86.ActiveCfg = Debug|x64
		{7A3C1E52-5B0D-4F6A-9E21-3C8D4B6F1A03}.Debug|x86.Build.0 = Debug|x64
		{7A3C1E52-5B0D-4F6A-9E21-3C8D4B6F1A03}.Release|Any CPU.ActiveCfg = Release|x64
		{7A3C1E52-5B0D-4F6A-9E21-3C8D4B6F1A03}.Release|Any CPU.Build.0 = Release|x64
		{7A3C1E52-5B0D-4F6A-9E21-3C8D4B6F1A03}.Release|x64.ActiveCfg = Release|x64
		{7A3C1E52-5B0D-4F6A-9E21-3C8D4B6F1A03}.Release|x64.Build.0 = Release|x64
		{7A3C1E52-5B0D-4F6A-9E21-3C8D4B6F1A03}.Release|x86.ActiveCfg = Release|x64
		{7A3C1E52-5B0D-4F6A-9E21-3C8D4B6F1A03}.Release|x86.Build.0 = Release|x64
		{5B1D7E40-2C6A-4E8F-A1B3-7D9E0F2C3B01}.Debug|Any CPU.ActiveCfg = Debug|x64
		{5B1D7E40-2C6A-4E8F-A1B3-7D9E0F2C3B01}.Debug|Any CPU.Build.0 = Debug|x64
		{5B1D7E40-2C6A-4E8F-A1B3-7D9E0F2C3B01}.Debug|x64.ActiveCfg = Debug|x64
		{5B1D7E40-2C6A-4E8F-A1B3-7D9E0F2C3B01}.Debug|x64.Build.0 = Debug|x64
		{5B1D7E40-2C6A-4E8F-A1B3-7D9E0F2C3B01}.Debug|x86.ActiveCfg = Debug|x64
		{5B1D7E40-2C6A-4E8F-A1B3-7D9E0F2C3B01}.Debug|x86.Build.0 = Debug|x64
		{5B1D7E40-2C6A-4E8F-A1B3-7D9E0F2C3B01}.Release|Any CPU.ActiveCfg = Release|x64
		{5B1D7E40-2C6A-4E8F-A1B3-7D9E0F2C3B01}.Release|Any CPU.Build.0 = Release|x64
		{5B1D7E40-2C6A-4E8F-A1B3-7D9E0F2C3B01}.Release|x64.ActiveCfg = Release|x64
		{5B1D7E40-2C6A-4E8F-A1B3-7D9E0F2C3B01}.Release|x64.Build.0 = Release|x64
		{5B1D7E40-2C6A-4E8F-A1B3-7D9E0F2C3B01}.Release|x86.ActiveCfg = Release|x64
		{5B1D7E40-2C6A-4E8F-A1B3-7D9E0F2C3B01}.Release|x86.Build.0 = Release|x64
		{5B1D7E40-2C6A-4E8F-A1B3-7D9E0F2C3B02}.Debug|Any CPU.ActiveCfg = Debug|x64
		{5B1D7E40-2C6A-4E8F-A1B3-7D9E0F2C3B02}.Debug|Any CPU.Build.0 = Debug|x64
		{5B1D7E40-2C6A-4E8F-A1B3-7D9E0F2C3B02}.Debug|x64.ActiveCfg = Debug|x64
		{5B1D7E40-2C6A-4E8F-A1B3-7D9E0F2C3B02}.Debug|x64.Build.0 = Debug|x64
		{5B1D7E40-2C6A-4E8F-A1B3-7D9E0F2C3B02}.Debug|x86.ActiveCfg = Debug|x64
		{5B1D7E40-2C6A-4E8F-A1B3-7D9E0F2C3B02}.Debug|x86.Build.0 = Debug|x64
		{5B1D7E40-2C6A-4E8F-A1B3-7D9E0F2C3B02}.Release|Any CPU.ActiveCfg = Release|x64
		{5B1D7E40-2C6A-4E8F-A1B3-7D9E0F2C3B02}.Release|Any CPU.Build.0 = Release|x64
		{5B1D7E40-2C6A-4E8F-A1B3-7D9E0F2C3B02}.Release|x64.ActiveCfg = Release|x64
		{5B1D7E40-2C6A-4E8F-A1B3-7D9E0F2C3B02}.Release|x64.Build.0 = Release|x64
		{5B1D7E40-2C6A-4E8F-A1B3-7D9E0F2C3B02}.Release|x86.ActiveCfg = Release|x64
		{5B1D7E40-2C6A-4E8F-A1B3-7D9E0F2C3B02}.Release|x86.Build.0 = Release|x64
		{5B1D7E40-2C6A-4E8F-A1B3-7D9E0F2C3B03}.Debug|Any CPU.ActiveCfg = Debug|x64
		{5B1D7E40-2C6A-4E8F-A1B3-7D9E0F2C3B03}.Debug|Any CPU.Build.0 = Debug|x64
		{5B1D7E40-2C6A-4E8F-A1B3-7D9E0F2C3B03}.Debug|x64.ActiveCfg = Debug|x64
		{5B1D7E40-2C6A-4E8F-A1B3-7D9E0F2C3B03}.Debug|x64.Build.0 = Debug|x64
		{5B1D7E40-2C6A-4E8F-A1B3-7D9E0F2C3B03}.Debug|x86.ActiveCfg = Debug|x64
		{5B1D7E40-2C6A-4E8F-A1B3-7D9E0F2C3B03}.Debug|x86.Build.0 = Debug|x64
		{5B1D7E40-2C6A-4E8F-A1B3-7D9E0F2C3B03}.Release|Any CPU.ActiveCfg = Release|x64
		{5B1D7E40-2C6A-4E8F-A1B3-7D9E0F2C3B03}.Release|Any CPU.Build.0 = Release|x64
		{5B1D7E40-2C6A-4E8F-A1B3-7D9E0F2C3B03}.Release|x64.ActiveCfg = Release|x64
		{5B1D7E40-2C6A-4E8F-A1B3-7D9E0F2C3B03}.Release|x64.Build.0 = Release|x64
		{5B1D7E40-2C6A-4E8F-A1B3-7D9E0F2C3B03}.Release|x86.ActiveCfg = Release|x64
		{5B1D7E40-2C6A-4E8F-A1B3-7D9E0F2C3B03}.Release|x86.Build.0 = Release|x64
		{EA48E724-B36A-46A3-AF4D-FBEDD679BC6E}.Debug|Any CPU.ActiveCfg = Debug|x64
		{EA48E724-B36A-46A3-AF4D-FBEDD679BC6E}.Debug|Any CPU.Build.0 = Debug|x64
		{EA48E724-B36A-46A3-AF4D-FBEDD679BC6E}.Debug|x64.ActiveCfg = Debug|x64
		{EA48E724-B36A-46A3-AF4D-FBEDD679BC6E}.Debug|x64.Build.0 = Debug|x64
		{EA48E724-B36A-46A3-AF4D-FBEDD679BC6E}.Debug|x86.ActiveCfg = Debug|x64
		{EA48E724-B36A-46A3-AF4D-FBEDD679BC6E}.Debug|x86.Build.0 = Debug|x64
		{EA48E724-B36A-46A3-AF4D-FBEDD679BC6E}.Release|Any CPU.ActiveCfg = Release|x64
		{EA48E724-B36A-46A3-AF4D-FBEDD679BC6E}.Release|Any CPU.Build.0 = Release|x64
		{EA48E724-B36A-46A3-AF4D-FBEDD679BC6E}.Release|x64.ActiveCfg = Release|x64
		{EA48E724-B36A-46A3-AF4D-FBEDD679BC6E}.Release|x64.Build.0 = Release|x64
		{EA48E724-B36A-46A3-AF4D-FBEDD679BC6E}.Release|x86.ActiveCfg = Release|x64
		{EA48E724-B36A-46A3-AF4D-FBEDD679BC6E}.Release|x86.Build.0 = Release|x64
		{37104D76-220D-4859-883F-97B40094B7AC}.Debug|Any CPU.ActiveCfg = Debug|x64
		{37104D76-220D-4859-883F-97B40094B7AC}.Debug|Any CPU.Build.0 = Debug|x64
		{37104D76-220D-4859-883F-97B40094B7AC}.Debug|x64.ActiveCfg = Debug|x64
		{37104D76-220D-4859-883F-97B40094B7AC}.Debug|x64.Build.0 = Debug|x64
		{37104D76-220D-4859-883F-97B40094B7AC}.Debug|x86.ActiveCfg = Debug|x64
		{37104D76-220D-4859-883F-97B40094B7AC}.Debug|x86.Build.0 = Debug|x64
		{37104D76-220D-4859-883F-97B40094B7AC}.Release|Any CPU.ActiveCfg = Release|x64
		{37104D76-220D-4859-883F-97B40094B7AC}.Release|Any CPU.Build.0 = Release|x64
		{37104D76-220D-4859-883F-97B40094B7AC}.Release|x64.ActiveCfg = Release|x64
		{37104D76-220D-4859-883F-97B40094B7AC}.Release|x64.Build.0 = Release|x64
		{37104D76-220D-4859-883F-97B40094B7AC}.Release|x86.ActiveCfg = Release|x64
		{37104D76-220D-4859-883F-97B40094B7AC}.Release|x86.Build.0 = Release|x64
		{F97542B0-5BE7-4FCD-A5F5-F6370961BEB2}.Debug|Any CPU.ActiveCfg = Debug|x64
		{F97542B0-5BE7-4FCD-A5F5-F6370961BEB2}.Debug|Any CPU.Build.0 = Debug|x64
		{F97542B0-5BE7-4FCD-A5F5-F6370961BEB2}.Debug|x64.ActiveCfg = Debug|x64
		{F97542B0-5BE7-4FCD-A5F5-F6370961BEB2}.Debug|x64.Build.0 = Debug|x64
		{F97542B0-5BE7-4FCD-A5F5-F6370961BEB2}.Debug|x86.ActiveCfg = Debug|x64
		{F97542B0-5BE7-4FCD-A5F5-F6370961BEB2}.Debug|x86.Build.0 = Debug|x64
		{F97542B0-5BE7-4FCD-A5F5-F6370961BEB2}.Release|Any CPU.ActiveCfg = Release|x64
		{F97542B0-5BE7-4FCD-A5F5-F6370961BEB2}.Release|Any CPU.Build.0 = Release|x64
		{F97542B0-5BE7-4FCD-A5F5-F6370961BEB2}.Release|x64.ActiveCfg = Release|x64
		{F97542B0-5BE7-4FCD-A5F5-F6370961BEB2}.Release|x64.Build.0 = Release|x64
		{F97542B0-5BE7-4FCD-A5F5-F6370961BEB2}.Release|x86.ActiveCfg = Release|x64
		{F97542B0-5BE7-4FCD-A5F5-F6370961BEB2}.Release|x86.Build.0 = Release|x64
		{9ACF3353-6220-4F18-B22B-2827A6704CC9}.Debug|Any CPU.ActiveCfg = Debug|x64
		{9ACF3353-6220-4F18-B22B-2827A6704CC9}.Debug|Any CPU.Build.0 = Debug|x64
		{9ACF3353-6220-4F18-B22B-2827A6704CC9}.Debug|x64.ActiveCfg = Debug|x64
		{9ACF3353-6220-4F18-B22B-2827A6704CC9}.Debug|x64.Build.0 = Debug|x64
		{9ACF3353-6220-4F18-B22B-2827A6704CC9}.Debug|x86.ActiveCfg = Debug|x64
		{9ACF3353-6220-4F18-B22B-2827A6704CC9}.Debug|x86.Build.0 = Debug|x64
		{9ACF3353-6220-4F18-B22B-2827A6704CC9}.Release|Any CPU.ActiveCfg = Release|x64
		{9ACF3353-6220-4F18-B22B-2827A6704CC9}.Release|Any CPU.Build.0 = Release|x64
		{9ACF3353-6220-4F18-B22B-2827A6704CC9}.Release|x64.ActiveCfg = Release|x64
		{9ACF3353-6220-4F18-B22B-2827A6704CC9}.Release|x64.Build.0 = Release|x64
		{9ACF3353-6220-4F18-B22B-2827A6704CC9}.Release|x86.ActiveCfg = Release|x64
		{9ACF3353-6220-4F18-B22B-2827A6704CC9}.Release|x86.Build.0 = Release|x64
		{4E59F06A-10EF-494B-8399-41DB0A9132C6}.Debug|Any CPU.ActiveCfg = Debug|x64
		{4E59F06A-10EF-494B-8399-41DB0A9132C6}.Debug|Any CPU.Build.0 = Debug|x64
		{4E59F06A-10EF-494B-8399-41DB0A9132C6}.Debug|x64.ActiveCfg = Debug|x64
		{4E59F06A-10EF-494B-8399-41DB0A9132C6}.Debug|x64.Build.0 = Debug|x64
		{4E59F06A-10EF-494B-8399-41DB0A9132C6}.Debug|x86.ActiveCfg = Debug|x64
		{4E59F06A-10EF-494B-8399-41DB0A9132C6}.Debug|x86.Build.0 = Debug|x64
		{4E59F06A-10EF-494B-8399-41DB0A9132C6}.Release|Any CPU.ActiveCfg = Release|x64
		{4E59F06A-10EF-494B-8399-41DB0A9132C6}.Release|Any CPU.Build.0 = Release|x64
		{4E59F06A-10EF-494B-8399-41DB0A9132C6}.Release|x64.ActiveCfg = Release|x64
		{4E59F06A-10EF-494B-8399-41DB0A9132C6}.Release|x64.Build.0 = Release|x64
		{4E59F06A-10EF-494B-8399-41DB0A9132C6}.Release|x86.ActiveCfg = Release|x64
		{4E59F06A-10EF-494B-8399-41DB0A9132C6}.Release|x86.Build.0 = Release|x64
		{738BFD6A-5E28-4825-8631-41D1E087D020}.Debug|Any CPU.ActiveCfg = Debug|x64
		{738BFD6A-5E28-4825-8631-41D1E087D020}.Debug|Any CPU.Build.0 = Debug|x64
		{738BFD6A-5E28-4825-8631-41D1E087D020}.Debug|x64.ActiveCfg = Debug|x64
		{738BFD6A-5E28-4825-8631-41D1E087D020}.Debug|x64.Build.0 = Debug|x64
		{738BFD6A-5E28-4825-8631-41D1E087D020}.Debug|x86.ActiveCfg = Debug|x64
		{738BFD6A-5E28-4825-8631-41D1E087D020}.Debug|x86.Build.0 = Debug|x64
		{738BFD6A-5E28-4825-8631-41D1E087D020}.Release|Any CPU.ActiveCfg = Release|x64
		{738BFD6A-5E28-4825-8631-41D1E087D020}.Release|Any CPU.Build.0 = Release|x64
		{738BFD6A-5E28-4825-8631-41D1E087D020}.Release|x64.ActiveCfg = Release|x64
		{738BFD6A-5E28-4825-8631-41D1E087D020}.Release|x64.Build.0 = Release|x64
		{738BFD6A-5E28-4825-8631-41D1E087D020}.Release|x86.ActiveCfg = Release|x64
		{738BFD6A-5E28-4825-8631-41D1E087D020}.Release|x86.Build.0 = Release|x64
		{E9D6C5CC-D37D-49FA-9B39-B4C4B45F92F9}.Debug|Any CPU.ActiveCfg = Debug|x64
		{E9D6C5CC-D37D-49FA-9B39-B4C4B45F92F9}.Debug|Any CPU.Build.0 = Debug|x64
		{E9D6C5CC-D37D-49FA-9B39-B4C4B45F92F9}.Debug|x64.ActiveCfg = Debug|x64
		{E9D6C5CC-D37D-49FA-9B39-B4C4B45F92F9}.Debug|x64.Build.0 = Debug|x64
		{E9D6C5CC-D37D-49FA-9B39-B4C4B45F92F9}.Debug|x86.ActiveCfg = Debug|x64
		{E9D6C5CC-D37D-49FA-9B39-B4C4B45F92F9}.Debug|x86.Build.0 = Debug|x64
		{E9D6C5CC-D37D-49FA-9B39-B4C4B45F92F9}.Release|Any CPU.ActiveCfg = Release|x64
		{E9D6C5CC-D37D-49FA-9B39-B4C4B45F92F9}.Release|Any CPU.Build.0 = Release|x64
		{E9D6C5CC-D37D-49FA-9B39-B4C4B45F92F9}.Release|x64.ActiveCfg = Release|x64
		{E9D6C5CC-D37D-49FA-9B39-B4C4B45F92F9}.Release|x64.Build.0 = Release|x64
		{E9D6C5CC-D37D-49FA-9B39-B4C4B45F92F9}.Release|x86.ActiveCfg = Release|x64
		{E9D6C5CC-D37D-49FA-9B39-B4C4B45F92F9}.Release|x86.Build.0 = Release|x64
		{9551A8F1-30A1-4E5D-B3F9-ABE17211416E}.Debug|Any CPU.ActiveCfg = Debug|x64
		{9551A8F1-30A1-4E5D-B3F9-ABE17211416E}.Debug|Any CPU.Build.0 = Debug|x64
		{9551A8F1-30A1-4E5D-B3F9-ABE17211416E}.Debug|x64.ActiveCfg = Debug|x64
		{9551A8F1-30A1-4E5D-B3F9-ABE17211416E}.Debug|x64.Build.0 = Debug|x64
		{9551A8F1-30A1-4E5D-B3F9-ABE17211416E}.Debug|x86.ActiveCfg = Debug|x64
		{9551A8F1-30A1-4E5D-B3F9-ABE17211416E}.Debug|x86.Build.0 = Debug|x64
		{9551A8F1-30A1-4E5D-B3F9-ABE17211416E}.Release|Any CPU.ActiveCfg = Release|x64
		{9551A8F1-30A1-4E5D-B3F9-ABE17211416E}.Release|Any CPU.Build.0 = Release|x64
		{9551A8F1-30A1-4E5D-B3F9-ABE17211416E}.Release|x64.ActiveCfg = Release|x64
		{9551A8F1-30A1-4E5D-B3F9-ABE17211416E}.Release|x64.Build.0 = Release|x64
		{9551A8F1-30A1-4E5D-B3F9-ABE17211416E}.Release|x86.ActiveCfg = Release|x64
		{9551A8F1-30A1-4E5D-B3F9-ABE17211416E}.Release|x86.Build.0 = Release|x64
		{6D755C3B-7576-4E2C-8556-CAB5B9E4132C}.Debug|Any CPU.ActiveCfg = Debug|x64
		{6D755C3B-7576-4E2C-8556-CAB5B9E4132C}.Debug|Any CPU.Build.0 = Debug|x64
		{6D755C3B-7576-4E2C-8556-CAB5B9E4132C}.Debug|x64.ActiveCfg = Debug|x64
		{6D755C3B-7576-4E2C-8556-CAB5B9E4132C}.Debug|x64.Build.0 = Debug|x64
		{6D755C3B-7576-4E2C-8556-CAB5B9E4132C}.Debug|x86.ActiveCfg = Debug|x64
		{6D755C3B-7576-4E2C-8556-CAB5B9E4132C}.Debug|x86.Build.0 = Debug|x64
		{6D755C3B-7576-4E2C-8556-CAB5B9E4132C}.Release|Any CPU.ActiveCfg = Release|x64
		{6D755C3B-7576-4E2C-8556-CAB5B9E4132C}.Release|Any CPU.Build.0 = Release|x64
		{6D755C3B-7576-4E2C-8556-CAB5B9E4132C}.Release|x64.ActiveCfg = Release|x64
		{6D755C3B-7576-4E2C-8556-CAB5B9E4132C}.Release|x64.Build.0 = Release|x64
		{6D755C3B-7576-4E2C-8556-CAB5B9E4132C}.Release|x86.ActiveCfg = Release|x64
		{6D755C3B-7576-4E2C-8556-CAB5B9E4132C}.Release|x86.Build.0 = Release|x64
		{79C2E994-6A4F-4568-B388-2B5A81A9AA02}.Debug|Any CPU.ActiveCfg = Debug|x64
		{79C2E994-6A4F-4568-B388-2B5A81A9AA02}.Debug|Any CPU.Build.0 = Debug|x64
		{79C2E994-6A4F-4568-B388-2B5A81A9AA02}.Debug|x64.ActiveCfg = Debug|x64
		{79C2E994-6A4F-4568-B388-2B5A81A9AA02}.Debug|x64.Build.0 = Debug|x64
		{79C2E994-6A4F-4568-B388-2B5A81A9AA02}.Debug|x86.ActiveCfg = Debug|x64
		{79C2E994-6A4F-4568-B388-2B5A81A9AA02}.Debug|x86.Build.0 = Debug|x64
		{79C2E994-6A4F-4568-B388-2B5A81A9AA02}.Release|Any CPU.ActiveCfg = Release|x64
		{79C2E994-6A4F-4568-B388-2B5A81A9AA02}.Release|Any CPU.Build.0 = Release|x64
		{79C2E994-6A4F-4568-B388-2B5A81A9AA02}.Release|x64.ActiveCfg = Release|x64
		{79C2E994-6A4F-4568-B388-2B5A81A9AA02}.Release|x64.Build.0 = Release|x64
		{79C2E994-6A4F-4568-B388-2B5A81A9AA02}.Release|x86.ActiveCfg = Release|x64
		{79C2E994-6A4F-4568-B388-2B5A81A9AA02}.Release|x86.Build.0 = Release|x64
	EndGlobalSection
	GlobalSection(SolutionProperties) = preSolution
		HideSolutionNode = FALSE
	EndGlobalSection
	GlobalSection(NestedProjects) = preSolution
		{B52E0CA0-4173-49D5-B796-77FDBC9D4B89} = {07C2787E-EAC7-C090-1BA3-A61EC2A24D84}
		{19796323-87EC-4B2F-99BF-6C4190F016FF} = {827E0CD3-B72D-47B6-A68D-7590B98EB39B}
		{012FEC97-042A-4CD6-A20A-C4FAFC19CEB8} = {827E0CD3-B72D-47B6-A68D-7590B98EB39B}
		{D32ED6EE-CEEC-4D00-BB8E-CEF761B096C0} = {827E0CD3-B72D-47B6-A68D-7590B98EB39B}
		{4002F6AF-026A-4927-A0F1-36A25B3345DE} = {CA253913-39DE-BFD0-C9A3-4B7EC6FBDF17}
		{A1CDEE3A-F900-41AD-8B0C-42DBAE41549B} = {CA253913-39DE-BFD0-C9A3-4B7EC6FBDF17}
		{0A9DE04C-2239-4D93-A8B4-C58930B4B860} = {827E0CD3-B72D-47B6-A68D-7590B98EB39B}
		{124B4C48-2160-4923-AF65-FF4D2B81BFF7} = {CA253913-39DE-BFD0-C9A3-4B7EC6FBDF17}
		{61687437-F7E4-4F3F-956B-36B799EA2DD7} = {CA253913-39DE-BFD0-C9A3-4B7EC6FBDF17}
		{37A37FB8-B0E5-405B-A023-63ED72673160} = {827E0CD3-B72D-47B6-A68D-7590B98EB39B}
		{CE125D70-FF7A-47FB-9DD7-E5B1E3252010} = {CA253913-39DE-BFD0-C9A3-4B7EC6FBDF17}
		{FF39FCDC-4EF3-4A9B-BDA9-10DAD8566255} = {CA253913-39DE-BFD0-C9A3-4B7EC6FBDF17}
		{32C62D52-C008-434E-BFB9-89CF44FFAB29} = {CA253913-39DE-BFD0-C9A3-4B7EC6FBDF17}
		{DC0128B5-E60F-435A-A1D3-3E229DE6E720} = {07C2787E-EAC7-C090-1BA3-A61EC2A24D84}
		{91E885CF-2539-4897-BA94-450920827FD9} = {827E0CD3-B72D-47B6-A68D-7590B98EB39B}
		{3D4198C5-8143-464E-912E-71C7E8113330} = {CA253913-39DE-BFD0-C9A3-4B7EC6FBDF17}
		{8D0D7FE7-5BC1-4A0D-9238-6B164A1A16AB} = {CA253913-39DE-BFD0-C9A3-4B7EC6FBDF17}
		{DBF17A80-E2CD-44F2-9BBD-9C554907F49A} = {CA253913-39DE-BFD0-C9A3-4B7EC6FBDF17}
		{E9A9A4C7-11FC-45CA-B349-21658A0FC204} = {07C2787E-EAC7-C090-1BA3-A61EC2A24D84}
		{E654381B-34D5-49B8-989B-4EA13470E261} = {07C2787E-EAC7-C090-1BA3-A61EC2A24D84}
		{7A3C1E52-5B0D-4F6A-9E21-3C8D4B6F1A01} = {CA253913-39DE-BFD0-C9A3-4B7EC6FBDF17}
		{7A3C1E52-5B0D-4F6A-9E21-3C8D4B6F1A02} = {CA253913-39DE-BFD0-C9A3-4B7EC6FBDF17}
		{7A3C1E52-5B0D-4F6A-9E21-3C8D4B6F1A03} = {CA253913-39DE-BFD0-C9A3-4B7EC6FBDF17}
		{5B1D7E40-2C6A-4E8F-A1B3-7D9E0F2C3B01} = {CA253913-39DE-BFD0-C9A3-4B7EC6FBDF17}
		{5B1D7E40-2C6A-4E8F-A1B3-7D9E0F2C3B02} = {CA253913-39DE-BFD0-C9A3-4B7EC6FBDF17}
		{5B1D7E40-2C6A-4E8F-A1B3-7D9E0F2C3B03} = {CA253913-39DE-BFD0-C9A3-4B7EC6FBDF17}
		{EA48E724-B36A-46A3-AF4D-FBEDD679BC6E} = {827E0CD3-B72D-47B6-A68D-7590B98EB39B}
		{CDD8191C-76B9-F7EE-772D-DDAAF786CB23} = {CA253913-39DE-BFD0-C9A3-4B7EC6FBDF17}
		{37104D76-220D-4859-883F-97B40094B7AC} = {CDD8191C-76B9-F7EE-772D-DDAAF786CB23}
		{F97542B0-5BE7-4FCD-A5F5-F6370961BEB2} = {CDD8191C-76B9-F7EE-772D-DDAAF786CB23}
		{9ACF3353-6220-4F18-B22B-2827A6704CC9} = {CDD8191C-76B9-F7EE-772D-DDAAF786CB23}
		{2D6C5FF3-B9B7-F767-7D11-CC9FE7067B60} = {CA253913-39DE-BFD0-C9A3-4B7EC6FBDF17}
		{4E59F06A-10EF-494B-8399-41DB0A9132C6} = {2D6C5FF3-B9B7-F767-7D11-CC9FE7067B60}
		{738BFD6A-5E28-4825-8631-41D1E087D020} = {2D6C5FF3-B9B7-F767-7D11-CC9FE7067B60}
		{E9D6C5CC-D37D-49FA-9B39-B4C4B45F92F9} = {2D6C5FF3-B9B7-F767-7D11-CC9FE7067B60}
		{28930C5B-B22B-62A3-F59F-8383DB4EC774} = {CA253913-39DE-BFD0-C9A3-4B7EC6FBDF17}
		{9551A8F1-30A1-4E5D-B3F9-ABE17211416E} = {28930C5B-B22B-62A3-F59F-8383DB4EC774}
		{6D755C3B-7576-4E2C-8556-CAB5B9E4132C} = {28930C5B-B22B-62A3-F59F-8383DB4EC774}
		{79C2E994-6A4F-4568-B388-2B5A81A9AA02} = {28930C5B-B22B-62A3-F59F-8383DB4EC774}
	EndGlobalSection
EndGlobal
